
Microsoft Visual Studio Solution File, Format Version 12.00
# Visual Studio 2013
VisualStudioVersion = 12.0.31101.0
MinimumVisualStudioVersion = 10.0.40219.1
Project("{FAE04EC0-301F-11D3-BF4B-00C04F79EFBC}") = "1312040_1", "1312040_1\1312040_1.csproj", "{57E96BB1-600D-4ED0-9337-02C2A46F97A6}"
EndProject
Global
	GlobalSection(SolutionConfigurationPlatforms) = preSolution
		Debug|Any CPU = Debug|Any CPU
		Release|Any CPU = Release|Any CPU
	EndGlobalSection
	GlobalSection(ProjectConfigurationPlatforms) = postSolution
		{57E96BB1-600D-4ED0-9337-02C2A46F97A6}.Debug|Any CPU.ActiveCfg = Debug|Any CPU
		{57E96BB1-600D-4ED0-9337-02C2A46F97A6}.Debug|Any CPU.Build.0 = Debug|Any CPU
		{57E96BB1-600D-4ED0-9337-02C2A46F97A6}.Release|Any CPU.ActiveCfg = Release|Any CPU
		{57E96BB1-600D-4ED0-9337-02C2A46F97A6}.Release|Any CPU.Build.0 = Release|Any CPU
	EndGlobalSection
	GlobalSection(SolutionProperties) = preSolution
		HideSolutionNode = FALSE
	EndGlobalSection
EndGlobal
